
Microsoft Visual Studio Solution File, Format Version 12.00
# Visual Studio Version 17
VisualStudioVersion = 17.8.34511.84
MinimumVisualStudioVersion = 10.0.40219.1
Project("{FAE04EC0-301F-11D3-BF4B-00C04F79EFBC}") = "demo_part2", "demo_part2\demo_part2.csproj", "{67C7EA5F-FDDC-49A2-BD0E-222C8C997F0C}"
EndProject
Global
	GlobalSection(SolutionConfigurationPlatforms) = preSolution
		Debug|Any CPU = Debug|Any CPU
		Release|Any CPU = Release|Any CPU
	EndGlobalSection
	GlobalSection(ProjectConfigurationPlatforms) = postSolution
		{67C7EA5F-FDDC-49A2-BD0E-222C8C997F0C}.Debug|Any CPU.ActiveCfg = Debug|Any CPU
		{67C7EA5F-FDDC-49A2-BD0E-222C8C997F0C}.Debug|Any CPU.Build.0 = Debug|Any CPU
		{67C7EA5F-FDDC-49A2-BD0E-222C8C997F0C}.Release|Any CPU.ActiveCfg = Release|Any CPU
		{67C7EA5F-FDDC-49A2-BD0E-222C8C997F0C}.Release|Any CPU.Build.0 = Release|Any CPU
	EndGlobalSection
	GlobalSection(SolutionProperties) = preSolution
		HideSolutionNode = FALSE
	EndGlobalSection
	GlobalSection(ExtensibilityGlobals) = postSolution
		SolutionGuid = {FA5D109B-6E05-4A5C-A9D4-BDA3E7F56FE5}
	EndGlobalSection
EndGlobal
